github.com/smartystreets/assertions v0.0.0-20180820201707-7c9eb446e3cf h1:6V1qxN6Usn4jy8unvggSJz/NC790tefw8Zdy6OZS5co=
github.com/smartystreets/assertions v0.0.0-20180820201707-7c9eb446e3cf/go.mod h1:OnSkiWE9lh6wB0YB77sQom3nweQdgAjqCqsofrRNTgc=
github.com/smartystreets/clock v0.0.0-20180622225331-ccbde14dc671 h1:wvSmZdRIBm4DONZZdBPoD/yjtj2wLiYowPDr55IZHxI=
github.com/smartystreets/clock v0.0.0-20180622225331-ccbde14dc671/go.mod h1:BsOg323oIf8BtWXjDSLZHE2jVzhjSahj1I+0ehz15rg=
github.com/smartystreets/gunit v0.0.0-20180314194857-6f0d6275bdcd h1:p5kvxG4NHogJX1brTLtvUSGdW0/aBvIyqDSW7tmnsmQ=
github.com/smartystreets/gunit v0.0.0-20180314194857-6f0d6275bdcd/go.mod h1:XUKj4gbqj2QvJk/OdLWzyZ3FYli0f+MdpngyryX0gcw=
github.com/smartystreets/logging v0.0.0-20180120051237-fcc265ebff02 h1:ja8mc9Oq8jnzSxBBZAOkxYudug16fUi5YdSTueqp9qQ=
github.com/smartystreets/logging v0.0.0-20180120051237-fcc265ebff02/go.mod h1:CFznTL3ZATteeeLCfHP4kXU02NEeNiHsmMyxC6Fy2k0=
